
Microsoft Visual Studio Solution File, Format Version 12.00
# Visual Studio 15
Project("{FAE04EC0-301F-11D3-BF4B-00C04F79EFBC}") = "Assembly-CSharp", "Assembly-CSharp.csproj", "{06873ABB-8BB9-5519-1EC4-9865F175139F}"
EndProject
Project("{FAE04EC0-301F-11D3-BF4B-00C04F79EFBC}") = "Assembly-CSharp-Editor", "Assembly-CSharp-Editor.csproj", "{DA84968D-C93A-6C76-BCD1-D115B48E96F0}"
EndProject
Global
	GlobalSection(SolutionConfigurationPlatforms) = preSolution
		Debug|Any CPU = Debug|Any CPU
		Release|Any CPU = Release|Any CPU
	EndGlobalSection
	GlobalSection(ProjectConfigurationPlatforms) = postSolution
		{06873ABB-8BB9-5519-1EC4-9865F175139F}.Debug|Any CPU.ActiveCfg = Debug|Any CPU
		{06873ABB-8BB9-5519-1EC4-9865F175139F}.Debug|Any CPU.Build.0 = Debug|Any CPU
		{06873ABB-8BB9-5519-1EC4-9865F175139F}.Release|Any CPU.ActiveCfg = Release|Any CPU
		{06873ABB-8BB9-5519-1EC4-9865F175139F}.Release|Any CPU.Build.0 = Release|Any CPU
		{DA84968D-C93A-6C76-BCD1-D115B48E96F0}.Debug|Any CPU.ActiveCfg = Debug|Any CPU
		{DA84968D-C93A-6C76-BCD1-D115B48E96F0}.Debug|Any CPU.Build.0 = Debug|Any CPU
		{DA84968D-C93A-6C76-BCD1-D115B48E96F0}.Release|Any CPU.ActiveCfg = Release|Any CPU
		{DA84968D-C93A-6C76-BCD1-D115B48E96F0}.Release|Any CPU.Build.0 = Release|Any CPU
	EndGlobalSection
	GlobalSection(SolutionProperties) = preSolution
		HideSolutionNode = FALSE
	EndGlobalSection
EndGlobal
